
Microsoft Visual Studio Solution File, Format Version 12.00
# Visual Studio Version 17
VisualStudioVersion = 17.5.33502.453
MinimumVisualStudioVersion = 10.0.40219.1
Project("{FAE04EC0-301F-11D3-BF4B-00C04F79EFBC}") = "Parcial2_AriasRoldanNatalia", "Parcial2_AriasRoldanNatalia.csproj", "{16A5D7EC-19E5-4F12-B25D-C9686DFC1862}"
EndProject
Global
	GlobalSection(SolutionConfigurationPlatforms) = preSolution
		Debug|Any CPU = Debug|Any CPU
		Release|Any CPU = Release|Any CPU
	EndGlobalSection
	GlobalSection(ProjectConfigurationPlatforms) = postSolution
		{16A5D7EC-19E5-4F12-B25D-C9686DFC1862}.Debug|Any CPU.ActiveCfg = Debug|Any CPU
		{16A5D7EC-19E5-4F12-B25D-C9686DFC1862}.Debug|Any CPU.Build.0 = Debug|Any CPU
		{16A5D7EC-19E5-4F12-B25D-C9686DFC1862}.Release|Any CPU.ActiveCfg = Release|Any CPU
		{16A5D7EC-19E5-4F12-B25D-C9686DFC1862}.Release|Any CPU.Build.0 = Release|Any CPU
	EndGlobalSection
	GlobalSection(SolutionProperties) = preSolution
		HideSolutionNode = FALSE
	EndGlobalSection
	GlobalSection(ExtensibilityGlobals) = postSolution
		SolutionGuid = {605BA22F-B078-4459-9242-2C8062FED69E}
	EndGlobalSection
EndGlobal
